{
  "name": "tenno-hub",
  "version": "6.0.0",
  "lockfileVersion": 3,
  "requires": true,
  "packages": {
    "": {
      "name": "tenno-hub",
      "version": "6.0.0",
      "devDependencies": {
        "@wfcd/items": "^1.1276.7"
      }
    },
    "node_modules/@wfcd/items": {
      "version": "1.1276.7",
      "resolved": "https://registry.npmjs.org/@wfcd/items/-/items-1.1276.7.tgz",
      "integrity": "sha512-fuiiWXbAxgQDyA/tHCA/cvO8ctTs3hu3SEqACOg1hAH0U/5fbucSptaJoGdXaXDvdM7QGuIIogYvhY8OpD9RSg==",
      "dev": true,
      "license": "MIT",
      "peerDependencies": {
        "warframe-worldstate-data": "^3.0.0"
      }
    },
    "node_modules/warframe-worldstate-data": {
      "version": "3.16.10",
      "resolved": "https://registry.npmjs.org/warframe-worldstate-data/-/warframe-worldstate-data-3.16.10.tgz",
      "integrity": "sha512-90Zok6LI4ZX3aWe7hk20tjXSijRutqeZHCfTUHWl2cW+mw/mqzhj6yhwK9LsZ0DFdIHcOAYslNWnlwJXR8DjiA==",
      "dev": true,
      "license": "MIT",
      "peer": true,
      "engines": {
        "node": ">=22"
      }
    }
  }
}
